
Microsoft Visual Studio Solution File, Format Version 12.00
# Visual Studio Version 16
VisualStudioVersion = 16.0.31624.102
MinimumVisualStudioVersion = 10.0.40219.1
Project("{888888A0-9F3D-457C-B088-3A5042F75D52}") = "Lab6", "Lab6\Lab6.pyproj", "{C83B886F-6265-4502-A707-D0FF01629346}"
EndProject
Project("{8BC9CEB8-8B4A-11D0-8D11-00A0C91BC942}") = "Lab6C++", "Lab6C++\Lab6C++.vcxproj", "{077DB0C0-EA92-4998-AAC7-C885F2CFD462}"
EndProject
Global
	GlobalSection(SolutionConfigurationPlatforms) = preSolution
		Debug|Any CPU = Debug|Any CPU
		Debug|x64 = Debug|x64
		Debug|x86 = Debug|x86
		Release|Any CPU = Release|Any CPU
		Release|x64 = Release|x64
		Release|x86 = Release|x86
	EndGlobalSection
	GlobalSection(ProjectConfigurationPlatforms) = postSolution
		{C83B886F-6265-4502-A707-D0FF01629346}.Debug|Any CPU.ActiveCfg = Debug|Any CPU
		{C83B886F-6265-4502-A707-D0FF01629346}.Debug|x64.ActiveCfg = Debug|Any CPU
		{C83B886F-6265-4502-A707-D0FF01629346}.Debug|x86.ActiveCfg = Debug|Any CPU
		{C83B886F-6265-4502-A707-D0FF01629346}.Release|Any CPU.ActiveCfg = Release|Any CPU
		{C83B886F-6265-4502-A707-D0FF01629346}.Release|x64.ActiveCfg = Release|Any CPU
		{C83B886F-6265-4502-A707-D0FF01629346}.Release|x86.ActiveCfg = Release|Any CPU
		{077DB0C0-EA92-4998-AAC7-C885F2CFD462}.Debug|Any CPU.ActiveCfg = Debug|Win32
		{077DB0C0-EA92-4998-AAC7-C885F2CFD462}.Debug|x64.ActiveCfg = Debug|x64
		{077DB0C0-EA92-4998-AAC7-C885F2CFD462}.Debug|x64.Build.0 = Debug|x64
		{077DB0C0-EA92-4998-AAC7-C885F2CFD462}.Debug|x86.ActiveCfg = Debug|Win32
		{077DB0C0-EA92-4998-AAC7-C885F2CFD462}.Debug|x86.Build.0 = Debug|Win32
		{077DB0C0-EA92-4998-AAC7-C885F2CFD462}.Release|Any CPU.ActiveCfg = Release|Win32
		{077DB0C0-EA92-4998-AAC7-C885F2CFD462}.Release|x64.ActiveCfg = Release|x64
		{077DB0C0-EA92-4998-AAC7-C885F2CFD462}.Release|x64.Build.0 = Release|x64
		{077DB0C0-EA92-4998-AAC7-C885F2CFD462}.Release|x86.ActiveCfg = Release|Win32
		{077DB0C0-EA92-4998-AAC7-C885F2CFD462}.Release|x86.Build.0 = Release|Win32
	EndGlobalSection
	GlobalSection(SolutionProperties) = preSolution
		HideSolutionNode = FALSE
	EndGlobalSection
	GlobalSection(ExtensibilityGlobals) = postSolution
		SolutionGuid = {65FEB203-C238-48B7-92FF-BD064563EA98}
	EndGlobalSection
EndGlobal
